// !$*UTF8*$!
{
	archiveVersion = 1;
	classes = {
	};
	objectVersion = 56;
	objects = {

/* Begin PBXBuildFile section */
		56B970AD2A3867EC00D31378 /* AppDelegate.swift in Sources */ = {isa = PBXBuildFile; fileRef = 56B970AC2A3867EC00D31378 /* AppDelegate.swift */; };
		56B970AF2A3867EC00D31378 /* SceneDelegate.swift in Sources */ = {isa = PBXBuildFile; fileRef = 56B970AE2A3867EC00D31378 /* SceneDelegate.swift */; };
		56B970B12A3867EC00D31378 /* ViewController.swift in Sources */ = {isa = PBXBuildFile; fileRef = 56B970B02A3867EC00D31378 /* ViewController.swift */; };
		56B970B42A3867EC00D31378 /* Main.storyboard in Resources */ = {isa = PBXBuildFile; fileRef = 56B970B22A3867EC00D31378 /* Main.storyboard */; };
		56B970B62A3867EE00D31378 /* Assets.xcassets in Resources */ = {isa = PBXBuildFile; fileRef = 56B970B52A3867EE00D31378 /* Assets.xcassets */; };
		56B970B92A3867EE00D31378 /* LaunchScreen.storyboard in Resources */ = {isa = PBXBuildFile; fileRef = 56B970B72A3867EE00D31378 /* LaunchScreen.storyboard */; };
		56B970C42A3867EE00D31378 /* ToDoListProjectTests.swift in Sources */ = {isa = PBXBuildFile; fileRef = 56B970C32A3867EE00D31378 /* ToDoListProjectTests.swift */; };
		56B970CE2A3867EE00D31378 /* ToDoListProjectUITests.swift in Sources */ = {isa = PBXBuildFile; fileRef = 56B970CD2A3867EE00D31378 /* ToDoListProjectUITests.swift */; };
		56B970D02A3867EE00D31378 /* ToDoListProjectUITestsLaunchTests.swift in Sources */ = {isa = PBXBuildFile; fileRef = 56B970CF2A3867EE00D31378 /* ToDoListProjectUITestsLaunchTests.swift */; };
		56B970DD2A38ABCE00D31378 /* ToDoItem.swift in Sources */ = {isa = PBXBuildFile; fileRef = 56B970DC2A38ABCE00D31378 /* ToDoItem.swift */; };
		56B970DF2A3A102200D31378 /* FileCache.swift in Sources */ = {isa = PBXBuildFile; fileRef = 56B970DE2A3A102200D31378 /* FileCache.swift */; };
		56B970E22A3B950A00D31378 /* File.swift in Sources */ = {isa = PBXBuildFile; fileRef = 56B970E12A3B950A00D31378 /* File.swift */; };
/* End PBXBuildFile section */

/* Begin PBXContainerItemProxy section */
		56B970C02A3867EE00D31378 /* PBXContainerItemProxy */ = {
			isa = PBXContainerItemProxy;
			containerPortal = 56B970A12A3867EC00D31378 /* Project object */;
			proxyType = 1;
			remoteGlobalIDString = 56B970A82A3867EC00D31378;
			remoteInfo = ToDoListProject;
		};
		56B970CA2A3867EE00D31378 /* PBXContainerItemProxy */ = {
			isa = PBXContainerItemProxy;
			containerPortal = 56B970A12A3867EC00D31378 /* Project object */;
			proxyType = 1;
			remoteGlobalIDString = 56B970A82A3867EC00D31378;
			remoteInfo = ToDoListProject;
		};
/* End PBXContainerItemProxy section */

/* Begin PBXFileReference section */
		56B970A92A3867EC00D31378 /* ToDoListProject.app */ = {isa = PBXFileReference; explicitFileType = wrapper.application; includeInIndex = 0; path = ToDoListProject.app; sourceTree = BUILT_PRODUCTS_DIR; };
		56B970AC2A3867EC00D31378 /* AppDelegate.swift */ = {isa = PBXFileReference; lastKnownFileType = sourcecode.swift; path = AppDelegate.swift; sourceTree = "<group>"; };
		56B970AE2A3867EC00D31378 /* SceneDelegate.swift */ = {isa = PBXFileReference; lastKnownFileType = sourcecode.swift; path = SceneDelegate.swift; sourceTree = "<group>"; };
		56B970B02A3867EC00D31378 /* ViewController.swift */ = {isa = PBXFileReference; lastKnownFileType = sourcecode.swift; path = ViewController.swift; sourceTree = "<group>"; };
		56B970B32A3867EC00D31378 /* Base */ = {isa = PBXFileReference; lastKnownFileType = file.storyboard; name = Base; path = Base.lproj/Main.storyboard; sourceTree = "<group>"; };
		56B970B52A3867EE00D31378 /* Assets.xcassets */ = {isa = PBXFileReference; lastKnownFileType = folder.assetcatalog; path = Assets.xcassets; sourceTree = "<group>"; };
		56B970B82A3867EE00D31378 /* Base */ = {isa = PBXFileReference; lastKnownFileType = file.storyboard; name = Base; path = Base.lproj/LaunchScreen.storyboard; sourceTree = "<group>"; };
		56B970BA2A3867EE00D31378 /* Info.plist */ = {isa = PBXFileReference; lastKnownFileType = text.plist.xml; path = Info.plist; sourceTree = "<group>"; };
		56B970BF2A3867EE00D31378 /* ToDoListProjectTests.xctest */ = {isa = PBXFileReference; explicitFileType = wrapper.cfbundle; includeInIndex = 0; path = ToDoListProjectTests.xctest; sourceTree = BUILT_PRODUCTS_DIR; };
		56B970C32A3867EE00D31378 /* ToDoListProjectTests.swift */ = {isa = PBXFileReference; lastKnownFileType = sourcecode.swift; path = ToDoListProjectTests.swift; sourceTree = "<group>"; };
		56B970C92A3867EE00D31378 /* ToDoListProjectUITests.xctest */ = {isa = PBXFileReference; explicitFileType = wrapper.cfbundle; includeInIndex = 0; path = ToDoListProjectUITests.xctest; sourceTree = BUILT_PRODUCTS_DIR; };
		56B970CD2A3867EE00D31378 /* ToDoListProjectUITests.swift */ = {isa = PBXFileReference; lastKnownFileType = sourcecode.swift; path = ToDoListProjectUITests.swift; sourceTree = "<group>"; };
		56B970CF2A3867EE00D31378 /* ToDoListProjectUITestsLaunchTests.swift */ = {isa = PBXFileReference; lastKnownFileType = sourcecode.swift; path = ToDoListProjectUITestsLaunchTests.swift; sourceTree = "<group>"; };
		56B970DC2A38ABCE00D31378 /* ToDoItem.swift */ = {isa = PBXFileReference; lastKnownFileType = sourcecode.swift; path = ToDoItem.swift; sourceTree = "<group>"; };
		56B970DE2A3A102200D31378 /* FileCache.swift */ = {isa = PBXFileReference; lastKnownFileType = sourcecode.swift; path = FileCache.swift; sourceTree = "<group>"; };
		56B970E12A3B950A00D31378 /* File.swift */ = {isa = PBXFileReference; lastKnownFileType = sourcecode.swift; path = File.swift; sourceTree = "<group>"; };
/* End PBXFileReference section */

/* Begin PBXFrameworksBuildPhase section */
		56B970A62A3867EC00D31378 /* Frameworks */ = {
			isa = PBXFrameworksBuildPhase;
			buildActionMask = 2147483647;
			files = (
			);
			runOnlyForDeploymentPostprocessing = 0;
		};
		56B970BC2A3867EE00D31378 /* Frameworks */ = {
			isa = PBXFrameworksBuildPhase;
			buildActionMask = 2147483647;
			files = (
			);
			runOnlyForDeploymentPostprocessing = 0;
		};
		56B970C62A3867EE00D31378 /* Frameworks */ = {
			isa = PBXFrameworksBuildPhase;
			buildActionMask = 2147483647;
			files = (
			);
			runOnlyForDeploymentPostprocessing = 0;
		};
/* End PBXFrameworksBuildPhase section */

/* Begin PBXGroup section */
		56B970A02A3867EC00D31378 = {
			isa = PBXGroup;
			children = (
				56B970AB2A3867EC00D31378 /* ToDoListProject */,
				56B970C22A3867EE00D31378 /* ToDoListProjectTests */,
				56B970CC2A3867EE00D31378 /* ToDoListProjectUITests */,
				56B970AA2A3867EC00D31378 /* Products */,
			);
			sourceTree = "<group>";
		};
		56B970AA2A3867EC00D31378 /* Products */ = {
			isa = PBXGroup;
			children = (
				56B970A92A3867EC00D31378 /* ToDoListProject.app */,
				56B970BF2A3867EE00D31378 /* ToDoListProjectTests.xctest */,
				56B970C92A3867EE00D31378 /* ToDoListProjectUITests.xctest */,
			);
			name = Products;
			sourceTree = "<group>";
		};
		56B970AB2A3867EC00D31378 /* ToDoListProject */ = {
			isa = PBXGroup;
			children = (
				56B970AC2A3867EC00D31378 /* AppDelegate.swift */,
				56B970AE2A3867EC00D31378 /* SceneDelegate.swift */,
				56B970DC2A38ABCE00D31378 /* ToDoItem.swift */,
				56B970DE2A3A102200D31378 /* FileCache.swift */,
				56B970E12A3B950A00D31378 /* File.swift */,
				56B970B02A3867EC00D31378 /* ViewController.swift */,
				56B970B22A3867EC00D31378 /* Main.storyboard */,
				56B970B52A3867EE00D31378 /* Assets.xcassets */,
				56B970B72A3867EE00D31378 /* LaunchScreen.storyboard */,
				56B970BA2A3867EE00D31378 /* Info.plist */,
			);
			path = ToDoListProject;
			sourceTree = "<group>";
		};
		56B970C22A3867EE00D31378 /* ToDoListProjectTests */ = {
			isa = PBXGroup;
			children = (
				56B970C32A3867EE00D31378 /* ToDoListProjectTests.swift */,
			);
			path = ToDoListProjectTests;
			sourceTree = "<group>";
		};
		56B970CC2A3867EE00D31378 /* ToDoListProjectUITests */ = {
			isa = PBXGroup;
			children = (
				56B970CD2A3867EE00D31378 /* ToDoListProjectUITests.swift */,
				56B970CF2A3867EE00D31378 /* ToDoListProjectUITestsLaunchTests.swift */,
			);
			path = ToDoListProjectUITests;
			sourceTree = "<group>";
		};
/* End PBXGroup section */

/* Begin PBXNativeTarget section */
		56B970A82A3867EC00D31378 /* ToDoListProject */ = {
			isa = PBXNativeTarget;
			buildConfigurationList = 56B970D32A3867EE00D31378 /* Build configuration list for PBXNativeTarget "ToDoListProject" */;
			buildPhases = (
				56B970A52A3867EC00D31378 /* Sources */,
				56B970A62A3867EC00D31378 /* Frameworks */,
				56B970A72A3867EC00D31378 /* Resources */,
			);
			buildRules = (
			);
			dependencies = (
			);
			name = ToDoListProject;
			productName = ToDoListProject;
			productReference = 56B970A92A3867EC00D31378 /* ToDoListProject.app */;
			productType = "com.apple.product-type.application";
		};
		56B970BE2A3867EE00D31378 /* ToDoListProjectTests */ = {
			isa = PBXNativeTarget;
			buildConfigurationList = 56B970D62A3867EE00D31378 /* Build configuration list for PBXNativeTarget "ToDoListProjectTests" */;
			buildPhases = (
				56B970BB2A3867EE00D31378 /* Sources */,
				56B970BC2A3867EE00D31378 /* Frameworks */,
				56B970BD2A3867EE00D31378 /* Resources */,
			);
			buildRules = (
			);
			dependencies = (
				56B970C12A3867EE00D31378 /* PBXTargetDependency */,
			);
			name = ToDoListProjectTests;
			productName = ToDoListProjectTests;
			productReference = 56B970BF2A3867EE00D31378 /* ToDoListProjectTests.xctest */;
			productType = "com.apple.product-type.bundle.unit-test";
		};
		56B970C82A3867EE00D31378 /* ToDoListProjectUITests */ = {
			isa = PBXNativeTarget;
			buildConfigurationList = 56B970D92A3867EE00D31378 /* Build configuration list for PBXNativeTarget "ToDoListProjectUITests" */;
			buildPhases = (
				56B970C52A3867EE00D31378 /* Sources */,
				56B970C62A3867EE00D31378 /* Frameworks */,
				56B970C72A3867EE00D31378 /* Resources */,
			);
			buildRules = (
			);
			dependencies = (
				56B970CB2A3867EE00D31378 /* PBXTargetDependency */,
			);
			name = ToDoListProjectUITests;
			productName = ToDoListProjectUITests;
			productReference = 56B970C92A3867EE00D31378 /* ToDoListProjectUITests.xctest */;
			productType = "com.apple.product-type.bundle.ui-testing";
		};
/* End PBXNativeTarget section */

/* Begin PBXProject section */
		56B970A12A3867EC00D31378 /* Project object */ = {
			isa = PBXProject;
			attributes = {
				BuildIndependentTargetsInParallel = 1;
				LastSwiftUpdateCheck = 1430;
				LastUpgradeCheck = 1430;
				TargetAttributes = {
					56B970A82A3867EC00D31378 = {
						CreatedOnToolsVersion = 14.3;
					};
					56B970BE2A3867EE00D31378 = {
						CreatedOnToolsVersion = 14.3;
						TestTargetID = 56B970A82A3867EC00D31378;
					};
					56B970C82A3867EE00D31378 = {
						CreatedOnToolsVersion = 14.3;
						TestTargetID = 56B970A82A3867EC00D31378;
					};
				};
			};
			buildConfigurationList = 56B970A42A3867EC00D31378 /* Build configuration list for PBXProject "ToDoListProject" */;
			compatibilityVersion = "Xcode 14.0";
			developmentRegion = en;
			hasScannedForEncodings = 0;
			knownRegions = (
				en,
				Base,
			);
			mainGroup = 56B970A02A3867EC00D31378;
			productRefGroup = 56B970AA2A3867EC00D31378 /* Products */;
			projectDirPath = "";
			projectRoot = "";
			targets = (
				56B970A82A3867EC00D31378 /* ToDoListProject */,
				56B970BE2A3867EE00D31378 /* ToDoListProjectTests */,
				56B970C82A3867EE00D31378 /* ToDoListProjectUITests */,
			);
		};
/* End PBXProject section */

/* Begin PBXResourcesBuildPhase section */
		56B970A72A3867EC00D31378 /* Resources */ = {
			isa = PBXResourcesBuildPhase;
			buildActionMask = 2147483647;
			files = (
				56B970B92A3867EE00D31378 /* LaunchScreen.storyboard in Resources */,
				56B970B62A3867EE00D31378 /* Assets.xcassets in Resources */,
				56B970B42A3867EC00D31378 /* Main.storyboard in Resources */,
			);
			runOnlyForDeploymentPostprocessing = 0;
		};
		56B970BD2A3867EE00D31378 /* Resources */ = {
			isa = PBXResourcesBuildPhase;
			buildActionMask = 2147483647;
			files = (
			);
			runOnlyForDeploymentPostprocessing = 0;
		};
		56B970C72A3867EE00D31378 /* Resources */ = {
			isa = PBXResourcesBuildPhase;
			buildActionMask = 2147483647;
			files = (
			);
			runOnlyForDeploymentPostprocessing = 0;
		};
/* End PBXResourcesBuildPhase section */

/* Begin PBXSourcesBuildPhase section */
		56B970A52A3867EC00D31378 /* Sources */ = {
			isa = PBXSourcesBuildPhase;
			buildActionMask = 2147483647;
			files = (
				56B970B12A3867EC00D31378 /* ViewController.swift in Sources */,
				56B970E22A3B950A00D31378 /* File.swift in Sources */,
				56B970AD2A3867EC00D31378 /* AppDelegate.swift in Sources */,
				56B970DD2A38ABCE00D31378 /* ToDoItem.swift in Sources */,
				56B970DF2A3A102200D31378 /* FileCache.swift in Sources */,
				56B970AF2A3867EC00D31378 /* SceneDelegate.swift in Sources */,
			);
			runOnlyForDeploymentPostprocessing = 0;
		};
		56B970BB2A3867EE00D31378 /* Sources */ = {
			isa = PBXSourcesBuildPhase;
			buildActionMask = 2147483647;
			files = (
				56B970C42A3867EE00D31378 /* ToDoListProjectTests.swift in Sources */,
			);
			runOnlyForDeploymentPostprocessing = 0;
		};
		56B970C52A3867EE00D31378 /* Sources */ = {
			isa = PBXSourcesBuildPhase;
			buildActionMask = 2147483647;
			files = (
				56B970D02A3867EE00D31378 /* ToDoListProjectUITestsLaunchTests.swift in Sources */,
				56B970CE2A3867EE00D31378 /* ToDoListProjectUITests.swift in Sources */,
			);
			runOnlyForDeploymentPostprocessing = 0;
		};
/* End PBXSourcesBuildPhase section */

/* Begin PBXTargetDependency section */
		56B970C12A3867EE00D31378 /* PBXTargetDependency */ = {
			isa = PBXTargetDependency;
			target = 56B970A82A3867EC00D31378 /* ToDoListProject */;
			targetProxy = 56B970C02A3867EE00D31378 /* PBXContainerItemProxy */;
		};
		56B970CB2A3867EE00D31378 /* PBXTargetDependency */ = {
			isa = PBXTargetDependency;
			target = 56B970A82A3867EC00D31378 /* ToDoListProject */;
			targetProxy = 56B970CA2A3867EE00D31378 /* PBXContainerItemProxy */;
		};
/* End PBXTargetDependency section */

/* Begin PBXVariantGroup section */
		56B970B22A3867EC00D31378 /* Main.storyboard */ = {
			isa = PBXVariantGroup;
			children = (
				56B970B32A3867EC00D31378 /* Base */,
			);
			name = Main.storyboard;
			sourceTree = "<group>";
		};
		56B970B72A3867EE00D31378 /* LaunchScreen.storyboard */ = {
			isa = PBXVariantGroup;
			children = (
				56B970B82A3867EE00D31378 /* Base */,
			);
			name = LaunchScreen.storyboard;
			sourceTree = "<group>";
		};
/* End PBXVariantGroup section */

/* Begin XCBuildConfiguration section */
		56B970D12A3867EE00D31378 /* Debug */ = {
			isa = XCBuildConfiguration;
			buildSettings = {
				ALWAYS_SEARCH_USER_PATHS = NO;
				CLANG_ANALYZER_NONNULL = YES;
				CLANG_ANALYZER_NUMBER_OBJECT_CONVERSION = YES_AGGRESSIVE;
				CLANG_CXX_LANGUAGE_STANDARD = "gnu++20";
				CLANG_ENABLE_MODULES = YES;
				CLANG_ENABLE_OBJC_ARC = YES;
				CLANG_ENABLE_OBJC_WEAK = YES;
				CLANG_WARN_BLOCK_CAPTURE_AUTORELEASING = YES;
				CLANG_WARN_BOOL_CONVERSION = YES;
				CLANG_WARN_COMMA = YES;
				CLANG_WARN_CONSTANT_CONVERSION = YES;
				CLANG_WARN_DEPRECATED_OBJC_IMPLEMENTATIONS = YES;
				CLANG_WARN_DIRECT_OBJC_ISA_USAGE = YES_ERROR;
				CLANG_WARN_DOCUMENTATION_COMMENTS = YES;
				CLANG_WARN_EMPTY_BODY = YES;
				CLANG_WARN_ENUM_CONVERSION = YES;
				CLANG_WARN_INFINITE_RECURSION = YES;
				CLANG_WARN_INT_CONVERSION = YES;
				CLANG_WARN_NON_LITERAL_NULL_CONVERSION = YES;
				CLANG_WARN_OBJC_IMPLICIT_RETAIN_SELF = YES;
				CLANG_WARN_OBJC_LITERAL_CONVERSION = YES;
				CLANG_WARN_OBJC_ROOT_CLASS = YES_ERROR;
				CLANG_WARN_QUOTED_INCLUDE_IN_FRAMEWORK_HEADER = YES;
				CLANG_WARN_RANGE_LOOP_ANALYSIS = YES;
				CLANG_WARN_STRICT_PROTOTYPES = YES;
				CLANG_WARN_SUSPICIOUS_MOVE = YES;
				CLANG_WARN_UNGUARDED_AVAILABILITY = YES_AGGRESSIVE;
				CLANG_WARN_UNREACHABLE_CODE = YES;
				CLANG_WARN__DUPLICATE_METHOD_MATCH = YES;
				COPY_PHASE_STRIP = NO;
				DEBUG_INFORMATION_FORMAT = dwarf;
				ENABLE_STRICT_OBJC_MSGSEND = YES;
				ENABLE_TESTABILITY = YES;
				GCC_C_LANGUAGE_STANDARD = gnu11;
				GCC_DYNAMIC_NO_PIC = NO;
				GCC_NO_COMMON_BLOCKS = YES;
				GCC_OPTIMIZATION_LEVEL = 0;
				GCC_PREPROCESSOR_DEFINITIONS = (
					"DEBUG=1",
					"$(inherited)",
				);
				GCC_WARN_64_TO_32_BIT_CONVERSION = YES;
				GCC_WARN_ABOUT_RETURN_TYPE = YES_ERROR;
				GCC_WARN_UNDECLARED_SELECTOR = YES;
				GCC_WARN_UNINITIALIZED_AUTOS = YES_AGGRESSIVE;
				GCC_WARN_UNUSED_FUNCTION = YES;
				GCC_WARN_UNUSED_VARIABLE = YES;
				IPHONEOS_DEPLOYMENT_TARGET = 16.4;
				MTL_ENABLE_DEBUG_INFO = INCLUDE_SOURCE;
				MTL_FAST_MATH = YES;
				ONLY_ACTIVE_ARCH = YES;
				SDKROOT = iphoneos;
				SWIFT_ACTIVE_COMPILATION_CONDITIONS = DEBUG;
				SWIFT_OPTIMIZATION_LEVEL = "-Onone";
			};
			name = Debug;
		};
		56B970D22A3867EE00D31378 /* Release */ = {
			isa = XCBuildConfiguration;
			buildSettings = {
				ALWAYS_SEARCH_USER_PATHS = NO;
				CLANG_ANALYZER_NONNULL = YES;
				CLANG_ANALYZER_NUMBER_OBJECT_CONVERSION = YES_AGGRESSIVE;
				CLANG_CXX_LANGUAGE_STANDARD = "gnu++20";
				CLANG_ENABLE_MODULES = YES;
				CLANG_ENABLE_OBJC_ARC = YES;
				CLANG_ENABLE_OBJC_WEAK = YES;
				CLANG_WARN_BLOCK_CAPTURE_AUTORELEASING = YES;
				CLANG_WARN_BOOL_CONVERSION = YES;
				CLANG_WARN_COMMA = YES;
				CLANG_WARN_CONSTANT_CONVERSION = YES;
				CLANG_WARN_DEPRECATED_OBJC_IMPLEMENTATIONS = YES;
				CLANG_WARN_DIRECT_OBJC_ISA_USAGE = YES_ERROR;
				CLANG_WARN_DOCUMENTATION_COMMENTS = YES;
				CLANG_WARN_EMPTY_BODY = YES;
				CLANG_WARN_ENUM_CONVERSION = YES;
				CLANG_WARN_INFINITE_RECURSION = YES;
				CLANG_WARN_INT_CONVERSION = YES;
				CLANG_WARN_NON_LITERAL_NULL_CONVERSION = YES;
				CLANG_WARN_OBJC_IMPLICIT_RETAIN_SELF = YES;
				CLANG_WARN_OBJC_LITERAL_CONVERSION = YES;
				CLANG_WARN_OBJC_ROOT_CLASS = YES_ERROR;
				CLANG_WARN_QUOTED_INCLUDE_IN_FRAMEWORK_HEADER = YES;
				CLANG_WARN_RANGE_LOOP_ANALYSIS = YES;
				CLANG_WARN_STRICT_PROTOTYPES = YES;
				CLANG_WARN_SUSPICIOUS_MOVE = YES;
				CLANG_WARN_UNGUARDED_AVAILABILITY = YES_AGGRESSIVE;
				CLANG_WARN_UNREACHABLE_CODE = YES;
				CLANG_WARN__DUPLICATE_METHOD_MATCH = YES;
				COPY_PHASE_STRIP = NO;
				DEBUG_INFORMATION_FORMAT = "dwarf-with-dsym";
				ENABLE_NS_ASSERTIONS = NO;
				ENABLE_STRICT_OBJC_MSGSEND = YES;
				GCC_C_LANGUAGE_STANDARD = gnu11;
				GCC_NO_COMMON_BLOCKS = YES;
				GCC_WARN_64_TO_32_BIT_CONVERSION = YES;
				GCC_WARN_ABOUT_RETURN_TYPE = YES_ERROR;
				GCC_WARN_UNDECLARED_SELECTOR = YES;
				GCC_WARN_UNINITIALIZED_AUTOS = YES_AGGRESSIVE;
				GCC_WARN_UNUSED_FUNCTION = YES;
				GCC_WARN_UNUSED_VARIABLE = YES;
				IPHONEOS_DEPLOYMENT_TARGET = 16.4;
				MTL_ENABLE_DEBUG_INFO = NO;
				MTL_FAST_MATH = YES;
				SDKROOT = iphoneos;
				SWIFT_COMPILATION_MODE = wholemodule;
				SWIFT_OPTIMIZATION_LEVEL = "-O";
				VALIDATE_PRODUCT = YES;
			};
			name = Release;
		};
		56B970D42A3867EE00D31378 /* Debug */ = {
			isa = XCBuildConfiguration;
			buildSettings = {
				ASSETCATALOG_COMPILER_APPICON_NAME = AppIcon;
				ASSETCATALOG_COMPILER_GLOBAL_ACCENT_COLOR_NAME = AccentColor;
				CODE_SIGN_STYLE = Automatic;
				CURRENT_PROJECT_VERSION = 1;
				DEVELOPMENT_TEAM = 679LK938K2;
				GENERATE_INFOPLIST_FILE = YES;
				INFOPLIST_FILE = ToDoListProject/Info.plist;
				INFOPLIST_KEY_UIApplicationSupportsIndirectInputEvents = YES;
				INFOPLIST_KEY_UILaunchStoryboardName = LaunchScreen;
				INFOPLIST_KEY_UIMainStoryboardFile = Main;
				INFOPLIST_KEY_UISupportedInterfaceOrientations_iPad = "UIInterfaceOrientationPortrait UIInterfaceOrientationPortraitUpsideDown UIInterfaceOrientationLandscapeLeft UIInterfaceOrientationLandscapeRight";
				INFOPLIST_KEY_UISupportedInterfaceOrientations_iPhone = "UIInterfaceOrientationPortrait UIInterfaceOrientationLandscapeLeft UIInterfaceOrientationLandscapeRight";
				LD_RUNPATH_SEARCH_PATHS = (
					"$(inherited)",
					"@executable_path/Frameworks",
				);
				MARKETING_VERSION = 1.0;
				PRODUCT_BUNDLE_IDENTIFIER = "-1.ToDoListProject";
				PRODUCT_NAME = "$(TARGET_NAME)";
				SWIFT_EMIT_LOC_STRINGS = YES;
				SWIFT_VERSION = 5.0;
				TARGETED_DEVICE_FAMILY = "1,2";
			};
			name = Debug;
		};
		56B970D52A3867EE00D31378 /* Release */ = {
			isa = XCBuildConfiguration;
			buildSettings = {
				ASSETCATALOG_COMPILER_APPICON_NAME = AppIcon;
				ASSETCATALOG_COMPILER_GLOBAL_ACCENT_COLOR_NAME = AccentColor;
				CODE_SIGN_STYLE = Automatic;
				CURRENT_PROJECT_VERSION = 1;
				DEVELOPMENT_TEAM = 679LK938K2;
				GENERATE_INFOPLIST_FILE = YES;
				INFOPLIST_FILE = ToDoListProject/Info.plist;
				INFOPLIST_KEY_UIApplicationSupportsIndirectInputEvents = YES;
				INFOPLIST_KEY_UILaunchStoryboardName = LaunchScreen;
				INFOPLIST_KEY_UIMainStoryboardFile = Main;
				INFOPLIST_KEY_UISupportedInterfaceOrientations_iPad = "UIInterfaceOrientationPortrait UIInterfaceOrientationPortraitUpsideDown UIInterfaceOrientationLandscapeLeft UIInterfaceOrientationLandscapeRight";
				INFOPLIST_KEY_UISupportedInterfaceOrientations_iPhone = "UIInterfaceOrientationPortrait UIInterfaceOrientationLandscapeLeft UIInterfaceOrientationLandscapeRight";
				LD_RUNPATH_SEARCH_PATHS = (
					"$(inherited)",
					"@executable_path/Frameworks",
				);
				MARKETING_VERSION = 1.0;
				PRODUCT_BUNDLE_IDENTIFIER = "-1.ToDoListProject";
				PRODUCT_NAME = "$(TARGET_NAME)";
				SWIFT_EMIT_LOC_STRINGS = YES;
				SWIFT_VERSION = 5.0;
				TARGETED_DEVICE_FAMILY = "1,2";
			};
			name = Release;
		};
		56B970D72A3867EE00D31378 /* Debug */ = {
			isa = XCBuildConfiguration;
			buildSettings = {
				ALWAYS_EMBED_SWIFT_STANDARD_LIBRARIES = YES;
				BUNDLE_LOADER = "$(TEST_HOST)";
				CODE_SIGN_STYLE = Automatic;
				CURRENT_PROJECT_VERSION = 1;
				DEVELOPMENT_TEAM = 679LK938K2;
				GENERATE_INFOPLIST_FILE = YES;
				IPHONEOS_DEPLOYMENT_TARGET = 16.4;
				MARKETING_VERSION = 1.0;
				PRODUCT_BUNDLE_IDENTIFIER = "-1.ToDoListProjectTests";
				PRODUCT_NAME = "$(TARGET_NAME)";
				SWIFT_EMIT_LOC_STRINGS = NO;
				SWIFT_VERSION = 5.0;
				TARGETED_DEVICE_FAMILY = "1,2";
				TEST_HOST = "$(BUILT_PRODUCTS_DIR)/ToDoListProject.app/$(BUNDLE_EXECUTABLE_FOLDER_PATH)/ToDoListProject";
			};
			name = Debug;
		};
		56B970D82A3867EE00D31378 /* Release */ = {
			isa = XCBuildConfiguration;
			buildSettings = {
				ALWAYS_EMBED_SWIFT_STANDARD_LIBRARIES = YES;
				BUNDLE_LOADER = "$(TEST_HOST)";
				CODE_SIGN_STYLE = Automatic;
				CURRENT_PROJECT_VERSION = 1;
				DEVELOPMENT_TEAM = 679LK938K2;
				GENERATE_INFOPLIST_FILE = YES;
				IPHONEOS_DEPLOYMENT_TARGET = 16.4;
				MARKETING_VERSION = 1.0;
				PRODUCT_BUNDLE_IDENTIFIER = "-1.ToDoListProjectTests";
				PRODUCT_NAME = "$(TARGET_NAME)";
				SWIFT_EMIT_LOC_STRINGS = NO;
				SWIFT_VERSION = 5.0;
				TARGETED_DEVICE_FAMILY = "1,2";
				TEST_HOST = "$(BUILT_PRODUCTS_DIR)/ToDoListProject.app/$(BUNDLE_EXECUTABLE_FOLDER_PATH)/ToDoListProject";
			};
			name = Release;
		};
		56B970DA2A3867EE00D31378 /* Debug */ = {
			isa = XCBuildConfiguration;
			buildSettings = {
				ALWAYS_EMBED_SWIFT_STANDARD_LIBRARIES = YES;
				CODE_SIGN_STYLE = Automatic;
				CURRENT_PROJECT_VERSION = 1;
				DEVELOPMENT_TEAM = 679LK938K2;
				GENERATE_INFOPLIST_FILE = YES;
				MARKETING_VERSION = 1.0;
				PRODUCT_BUNDLE_IDENTIFIER = "-1.ToDoListProjectUITests";
				PRODUCT_NAME = "$(TARGET_NAME)";
				SWIFT_EMIT_LOC_STRINGS = NO;
				SWIFT_VERSION = 5.0;
				TARGETED_DEVICE_FAMILY = "1,2";
				TEST_TARGET_NAME = ToDoListProject;
			};
			name = Debug;
		};
		56B970DB2A3867EE00D31378 /* Release */ = {
			isa = XCBuildConfiguration;
			buildSettings = {
				ALWAYS_EMBED_SWIFT_STANDARD_LIBRARIES = YES;
				CODE_SIGN_STYLE = Automatic;
				CURRENT_PROJECT_VERSION = 1;
				DEVELOPMENT_TEAM = 679LK938K2;
				GENERATE_INFOPLIST_FILE = YES;
				MARKETING_VERSION = 1.0;
				PRODUCT_BUNDLE_IDENTIFIER = "-1.ToDoListProjectUITests";
				PRODUCT_NAME = "$(TARGET_NAME)";
				SWIFT_EMIT_LOC_STRINGS = NO;
				SWIFT_VERSION = 5.0;
				TARGETED_DEVICE_FAMILY = "1,2";
				TEST_TARGET_NAME = ToDoListProject;
			};
			name = Release;
		};
/* End XCBuildConfiguration section */

/* Begin XCConfigurationList section */
		56B970A42A3867EC00D31378 /* Build configuration list for PBXProject "ToDoListProject" */ = {
			isa = XCConfigurationList;
			buildConfigurations = (
				56B970D12A3867EE00D31378 /* Debug */,
				56B970D22A3867EE00D31378 /* Release */,
			);
			defaultConfigurationIsVisible = 0;
			defaultConfigurationName = Release;
		};
		56B970D32A3867EE00D31378 /* Build configuration list for PBXNativeTarget "ToDoListProject" */ = {
			isa = XCConfigurationList;
			buildConfigurations = (
				56B970D42A3867EE00D31378 /* Debug */,
				56B970D52A3867EE00D31378 /* Release */,
			);
			defaultConfigurationIsVisible = 0;
			defaultConfigurationName = Release;
		};
		56B970D62A3867EE00D31378 /* Build configuration list for PBXNativeTarget "ToDoListProjectTests" */ = {
			isa = XCConfigurationList;
			buildConfigurations = (
				56B970D72A3867EE00D31378 /* Debug */,
				56B970D82A3867EE00D31378 /* Release */,
			);
			defaultConfigurationIsVisible = 0;
			defaultConfigurationName = Release;
		};
		56B970D92A3867EE00D31378 /* Build configuration list for PBXNativeTarget "ToDoListProjectUITests" */ = {
			isa = XCConfigurationList;
			buildConfigurations = (
				56B970DA2A3867EE00D31378 /* Debug */,
				56B970DB2A3867EE00D31378 /* Release */,
			);
			defaultConfigurationIsVisible = 0;
			defaultConfigurationName = Release;
		};
/* End XCConfigurationList section */
	};
	rootObject = 56B970A12A3867EC00D31378 /* Project object */;
}
